
Microsoft Visual Studio Solution File, Format Version 12.00
# Visual Studio Version 16
VisualStudioVersion = 16.0.32002.261
MinimumVisualStudioVersion = 10.0.40219.1
Project("{FAE04EC0-301F-11D3-BF4B-00C04F79EFBC}") = "Fintranet", "Fintranet.csproj", "{D02BC234-BEB7-49D6-B4CD-604D8C06BDFE}"
EndProject
Global
	GlobalSection(SolutionConfigurationPlatforms) = preSolution
		Debug|Any CPU = Debug|Any CPU
		Release|Any CPU = Release|Any CPU
	EndGlobalSection
	GlobalSection(ProjectConfigurationPlatforms) = postSolution
		{D02BC234-BEB7-49D6-B4CD-604D8C06BDFE}.Debug|Any CPU.ActiveCfg = Debug|Any CPU
		{D02BC234-BEB7-49D6-B4CD-604D8C06BDFE}.Debug|Any CPU.Build.0 = Debug|Any CPU
		{D02BC234-BEB7-49D6-B4CD-604D8C06BDFE}.Release|Any CPU.ActiveCfg = Release|Any CPU
		{D02BC234-BEB7-49D6-B4CD-604D8C06BDFE}.Release|Any CPU.Build.0 = Release|Any CPU
	EndGlobalSection
	GlobalSection(SolutionProperties) = preSolution
		HideSolutionNode = FALSE
	EndGlobalSection
	GlobalSection(ExtensibilityGlobals) = postSolution
		SolutionGuid = {7DECD57D-176C-47BA-9034-BE0B41B7C89B}
	EndGlobalSection
EndGlobal
